
Microsoft Visual Studio Solution File, Format Version 12.00
# Visual Studio Version 17
VisualStudioVersion = 17.11.35219.272
MinimumVisualStudioVersion = 10.0.40219.1
Project("{FAE04EC0-301F-11D3-BF4B-00C04F79EFBC}") = "Api", "Api\Api.csproj", "{1D00A21B-E90E-460A-9D37-A36D4B533272}"
EndProject
Global
	GlobalSection(SolutionConfigurationPlatforms) = preSolution
		Debug|Any CPU = Debug|Any CPU
		Release|Any CPU = Release|Any CPU
	EndGlobalSection
	GlobalSection(ProjectConfigurationPlatforms) = postSolution
		{1D00A21B-E90E-460A-9D37-A36D4B533272}.Debug|Any CPU.ActiveCfg = Debug|Any CPU
		{1D00A21B-E90E-460A-9D37-A36D4B533272}.Debug|Any CPU.Build.0 = Debug|Any CPU
		{1D00A21B-E90E-460A-9D37-A36D4B533272}.Release|Any CPU.ActiveCfg = Release|Any CPU
		{1D00A21B-E90E-460A-9D37-A36D4B533272}.Release|Any CPU.Build.0 = Release|Any CPU
	EndGlobalSection
	GlobalSection(SolutionProperties) = preSolution
		HideSolutionNode = FALSE
	EndGlobalSection
	GlobalSection(ExtensibilityGlobals) = postSolution
		SolutionGuid = {0F271663-8F54-4511-BB57-331315FA3EA6}
	EndGlobalSection
EndGlobal
